# THIS IS AN AUTOGENERATED FILE. DO NOT EDIT THIS FILE DIRECTLY.
# yarn lockfile v1


"@next/env@12.0.9":
  version "12.0.9"
  resolved "https://registry.yarnpkg.com/@next/env/-/env-12.0.9.tgz#4c9e9eef00226145d9629a846b8cc31878e1328c"
  integrity sha512-oBlkyDop0Stf7MPIzETGv5r0YT/G/weBrknoPOUTaa5qwOeGjuy6gsOVc/SBtrBkOoBmRpD+fFhQJPvmo1mS+g==

"@next/swc-android-arm64@12.0.9":
  version "12.0.9"
  resolved "https://registry.yarnpkg.com/@next/swc-android-arm64/-/swc-android-arm64-12.0.9.tgz#2cdbcc1814471044ea0e057b475090d25654833c"
  integrity sha512-aVqgsEn5plmUH2X58sjzhHsH/6majucWTMaaBEs7hHO2+GCwCZc7zaLH4XCBMKPES9Yaja8/pYUbvZQE9DqgFw==

"@next/swc-darwin-arm64@12.0.9":
  version "12.0.9"
  resolved "https://registry.yarnpkg.com/@next/swc-darwin-arm64/-/swc-darwin-arm64-12.0.9.tgz#ea200929d7116de12c6f3b13ff75f9522c2153e3"
  integrity sha512-uAgRKm4a2nVdyBiPPJokvmDD1saugOvxljz9ld2ih0CCg5S9vBhqaj3kPGCQBj9hSu3q+Lng2CHnQqG3ga1jzA==

"@next/swc-darwin-x64@12.0.9":
  version "12.0.9"
  resolved "https://registry.yarnpkg.com/@next/swc-darwin-x64/-/swc-darwin-x64-12.0.9.tgz#32800a7a9aff4bfd2038b0bce3657ece8708a87b"
  integrity sha512-fDOs2lZIyrAdU18IxMA5orBPn9qLbOdu55gXSTNZOhyRJ8ugtbUAejsK7OL0boJy0CCHPAdVRXm01Mwk8tZ9RQ==

"@next/swc-linux-arm-gnueabihf@12.0.9":
  version "12.0.9"
  resolved "https://registry.yarnpkg.com/@next/swc-linux-arm-gnueabihf/-/swc-linux-arm-gnueabihf-12.0.9.tgz#da012dfb69ad2abc3d4045395581b650048bdd7c"
  integrity sha512-/ni0p9DBvATUML9RQ1ycQuf05uOYKdzA6iI8+eRsARjpGbFVUFbge7XPzlj9g2Q9YWgoN8CSjFGnKRlyky5uHA==

"@next/swc-linux-arm64-gnu@12.0.9":
  version "12.0.9"
  resolved "https://registry.yarnpkg.com/@next/swc-linux-arm64-gnu/-/swc-linux-arm64-gnu-12.0.9.tgz#fe704c0a1cb048ef19d4a24b2c990574c96c933b"
  integrity sha512-AphxilJDf95rUxJDHgM9Ww1DaYXZWqTvoKwXeej/0SgSvICcRZrLaFDrkojdXz0Rxr4igX2OdYR1S4/Hj1jWOQ==

"@next/swc-linux-arm64-musl@12.0.9":
  version "12.0.9"
  resolved "https://registry.yarnpkg.com/@next/swc-linux-arm64-musl/-/swc-linux-arm64-musl-12.0.9.tgz#b2bb68940903cd64f7875979ed9907e946dc4f3e"
  integrity sha512-K5jbvNNzF3mRjWmPdxP5Bg87i7FHivfBj/L0KJlxpkLSC8sffBJDmB6jtMnI7wiPj9J6vmLkbGtSosln78xAlQ==

"@next/swc-linux-x64-gnu@12.0.9":
  version "12.0.9"
  resolved "https://registry.yarnpkg.com/@next/swc-linux-x64-gnu/-/swc-linux-x64-gnu-12.0.9.tgz#b700ba095551d4f6e830b92d4593a3b6e73bba82"
  integrity sha512-bJZ9bkMkQzsY+UyWezEZ77GWQ4TzwKeXdayX3U3+aEkL8k5C6eKBXlidWdrhu0teLmaUXIyWerWrLnJzwGXdfw==

"@next/swc-linux-x64-musl@12.0.9":
  version "12.0.9"
  resolved "https://registry.yarnpkg.com/@next/swc-linux-x64-musl/-/swc-linux-x64-musl-12.0.9.tgz#678460266f544b52f1190ef0c3494e436608591e"
  integrity sha512-SR9p0R+v1T32DTXPVAXZw31pmJAkSDotC6Afy+mfC0xrEL3pp95R8sGXYAAUCEPkQp0MEeUOVy2LrToe92X7hQ==

"@next/swc-win32-arm64-msvc@12.0.9":
  version "12.0.9"
  resolved "https://registry.yarnpkg.com/@next/swc-win32-arm64-msvc/-/swc-win32-arm64-msvc-12.0.9.tgz#f70e5bd0821ca168aeef117e51ab870265ceeeb1"
  integrity sha512-mzQ1A8vfHhJrvEy5KJZGZWEByXthyKfWofvFaf+oo/5nJl/0Bz1ODP2ajSmbLG++77Eo2AROgbm9pkW1ucvG2A==

"@next/swc-win32-ia32-msvc@12.0.9":
  version "12.0.9"
  resolved "https://registry.yarnpkg.com/@next/swc-win32-ia32-msvc/-/swc-win32-ia32-msvc-12.0.9.tgz#0b853793754642cde9f9099087d4a86b6a99a24d"
  integrity sha512-MpD2vj1zjo1u3J3wiz3pEKse19Etz+P0GL6XfQkB/9a84vJQ1JWMaWBjmIdivzZv718Il2pRSSx8hymwPfguYQ==

"@next/swc-win32-x64-msvc@12.0.9":
  version "12.0.9"
  resolved "https://registry.yarnpkg.com/@next/swc-win32-x64-msvc/-/swc-win32-x64-msvc-12.0.9.tgz#f7d3b59000082cf65c84fdc61930b708aa5446e5"
  integrity sha512-1c/sxp/4Qz4F6rCxiYqAnrmghCOFt5hHZ9Kd+rXFW5Mqev4C4XDOUMHdBH55HgnJZqngYhOE0r/XNkCtsIojig==

autoprefixer@^10.4.0:
  version "10.4.2"
  resolved "https://registry.yarnpkg.com/autoprefixer/-/autoprefixer-10.4.2.tgz#25e1df09a31a9fba5c40b578936b90d35c9d4d3b"
  integrity sha512-9fOPpHKuDW1w/0EKfRmVnxTDt8166MAnLI3mgZ1JCnhNtYWxcJ6Ud5CO/AVOZi/AvFa8DY9RTy3h3+tFBlrrdQ==
  dependencies:
    browserslist "^4.19.1"
    caniuse-lite "^1.0.30001297"
    fraction.js "^4.1.2"
    normalize-range "^0.1.2"
    picocolors "^1.0.0"
    postcss-value-parser "^4.2.0"

balanced-match@^1.0.0:
  version "1.0.2"
  resolved "https://registry.yarnpkg.com/balanced-match/-/balanced-match-1.0.2.tgz#e83e3a7e3f300b34cb9d87f615fa0cbf357690ee"
  integrity sha512-3oSeUO0TMV67hN1AmbXsK4yaqU7tjiHlbxRDZOpH0KW9+CeX4bRAaX0Anxt0tx2MrpRpWwQaPwIlISEJhYU5Pw==

browserslist@^4.17.5, browserslist@^4.19.1:
  version "4.19.1"
  resolved "https://registry.yarnpkg.com/browserslist/-/browserslist-4.19.1.tgz#4ac0435b35ab655896c31d53018b6dd5e9e4c9a3"
  integrity sha512-u2tbbG5PdKRTUoctO3NBD8FQ5HdPh1ZXPHzp1rwaa5jTc+RV9/+RlWiAIKmjRPQF+xbGM9Kklj5bZQFa2s/38A==
  dependencies:
    caniuse-lite "^1.0.30001286"
    electron-to-chromium "^1.4.17"
    escalade "^3.1.1"
    node-releases "^2.0.1"
    picocolors "^1.0.0"

caniuse-lite@^1.0.30001272, caniuse-lite@^1.0.30001283, caniuse-lite@^1.0.30001286, caniuse-lite@^1.0.30001297:
  version "1.0.30001303"
  resolved "https://registry.yarnpkg.com/caniuse-lite/-/caniuse-lite-1.0.30001303.tgz#9b168e4f43ccfc372b86f4bc5a551d9b909c95c9"
  integrity sha512-/Mqc1oESndUNszJP0kx0UaQU9kEv9nNtJ7Kn8AdA0mNnH8eR1cj0kG+NbNuC1Wq/b21eA8prhKRA3bbkjONegQ==

classnames@2.3.1:
  version "2.3.1"
  resolved "https://registry.yarnpkg.com/classnames/-/classnames-2.3.1.tgz#dfcfa3891e306ec1dad105d0e88f4417b8535e8e"
  integrity sha512-OlQdbZ7gLfGarSqxesMesDa5uz7KFbID8Kpq/SxIoNGDqY8lSYs0D+hhtBXhcdB3rcbXArFr7vlHheLk1voeNA==

css-blank-pseudo@^2.0.0:
  version "2.0.0"
  resolved "https://registry.yarnpkg.com/css-blank-pseudo/-/css-blank-pseudo-2.0.0.tgz#10667f9c5f91e4fbde76c4efac55e8eaa6ed9967"
  integrity sha512-n7fxEOyuvAVPLPb9kL4XTIK/gnp2fKQ7KFQ+9lj60W9pDn/jTr5LjS/kHHm+rES/YJ3m0S6+uJgYSuAJg9zOyA==

css-has-pseudo@^2.0.0:
  version "2.0.0"
  resolved "https://registry.yarnpkg.com/css-has-pseudo/-/css-has-pseudo-2.0.0.tgz#43ae03a990cf3d9e7356837c6b500e04037606b5"
  integrity sha512-URYSGI0ggED1W1/xOAH0Zn1bf+YL6tYh1PQzAPlWddEAyyO37mPqMbwCzSjTTNmeCR8BMNXSFLaT5xb6MERdAA==
  dependencies:
    postcss-selector-parser "^6"

css-prefers-color-scheme@^5.0.0:
  version "5.0.0"
  resolved "https://registry.yarnpkg.com/css-prefers-color-scheme/-/css-prefers-color-scheme-5.0.0.tgz#a89bc1abfe946e77a1a1e12dbc25a1439705933f"
  integrity sha512-XpzVrdwbppHm+Nnrzcb/hQb8eq1aKv4U8Oh59LsLfTsbIZZ6Fvn9razb66ihH2aTJ0VhO9n9sVm8piyKXJAZMA==

cssdb@^5.0.0:
  version "5.1.0"
  resolved "https://registry.yarnpkg.com/cssdb/-/cssdb-5.1.0.tgz#ec728d5f5c0811debd0820cbebda505d43003400"
  integrity sha512-/vqjXhv1x9eGkE/zO6o8ZOI7dgdZbLVLUGyVRbPgk6YipXbW87YzUCcO+Jrmi5bwJlAH6oD+MNeZyRgXea1GZw==

cssesc@^3.0.0:
  version "3.0.0"
  resolved "https://registry.yarnpkg.com/cssesc/-/cssesc-3.0.0.tgz#37741919903b868565e1c09ea747445cd18983ee"
  integrity sha512-/Tb/JcjK111nNScGob5MNtsntNM1aCNUDipB/TkwZFhyDrrE47SOx/18wF2bbjgc3ZzCSKW1T5nt5EbFoAz/Vg==

electron-to-chromium@^1.4.17:
  version "1.4.56"
  resolved "https://registry.yarnpkg.com/electron-to-chromium/-/electron-to-chromium-1.4.56.tgz#f660fd2c6739b341d8922fe3a441a5a2804911a1"
  integrity sha512-0k/S0FQqRRpJbX7YUjwCcLZ8D42RqGKtaiq90adXBOYgTIWwLA/g3toO8k9yEpqU8iC4QyaWYYWSTBIna8WV4g==

escalade@^3.1.1:
  version "3.1.1"
  resolved "https://registry.yarnpkg.com/escalade/-/escalade-3.1.1.tgz#d8cfdc7000965c5a0174b4a82eaa5c0552742e40"
  integrity sha512-k0er2gUkLf8O0zKJiAhmkTnJlTvINGv7ygDNPbeIsX/TJjGJZHuh9B2UxbsaEkmlEo9MfhrSzmhIlhRlI2GXnw==

fraction.js@^4.1.2:
  version "4.1.2"
  resolved "https://registry.yarnpkg.com/fraction.js/-/fraction.js-4.1.2.tgz#13e420a92422b6cf244dff8690ed89401029fbe8"
  integrity sha512-o2RiJQ6DZaR/5+Si0qJUIy637QMRudSi9kU/FFzx9EZazrIdnBgpU+3sEWCxAVhH2RtxW2Oz+T4p2o8uOPVcgA==

"js-tokens@^3.0.0 || ^4.0.0":
  version "4.0.0"
  resolved "https://registry.yarnpkg.com/js-tokens/-/js-tokens-4.0.0.tgz#19203fb59991df98e3a287050d4647cdeaf32499"
  integrity sha512-RdJUflcE3cUzKiMqQgsCu06FPu9UdIJO0beYbPhHN4k6apgJtifcoCtT9bcxOpYBtpD2kCM6Sbzg4CausW/PKQ==

loose-envify@^1.1.0:
  version "1.4.0"
  resolved "https://registry.yarnpkg.com/loose-envify/-/loose-envify-1.4.0.tgz#71ee51fa7be4caec1a63839f7e682d8132d30caf"
  integrity sha512-lyuxPGr/Wfhrlem2CL/UcnUc1zcqKAImBDzukY7Y5F/yQiNdko6+fRLevlw1HgMySw7f611UIY408EtxRSoK3Q==
  dependencies:
    js-tokens "^3.0.0 || ^4.0.0"

nanoid@^3.1.30:
  version "3.2.0"
  resolved "https://registry.yarnpkg.com/nanoid/-/nanoid-3.2.0.tgz#62667522da6673971cca916a6d3eff3f415ff80c"
  integrity sha512-fmsZYa9lpn69Ad5eDn7FMcnnSR+8R34W9qJEijxYhTbfOWzr22n1QxCMzXLK+ODyW2973V3Fux959iQoUxzUIA==

next@12.0.9:
  version "12.0.9"
  resolved "https://registry.yarnpkg.com/next/-/next-12.0.9.tgz#4eb3006b63bb866f5c2918ca0003e98f4259e063"
  integrity sha512-omfYqoR/DvbdOIJ6SS1unKJ4mGIxUPs0RPa7wr/Mft22OCKgJhuG+aI9KFYi5ZJBwoFQk1vqaMKpWz5qr+dN0Q==
  dependencies:
    "@next/env" "12.0.9"
    caniuse-lite "^1.0.30001283"
    postcss "8.4.5"
    styled-jsx "5.0.0"
    use-subscription "1.5.1"
  optionalDependencies:
    "@next/swc-android-arm64" "12.0.9"
    "@next/swc-darwin-arm64" "12.0.9"
    "@next/swc-darwin-x64" "12.0.9"
    "@next/swc-linux-arm-gnueabihf" "12.0.9"
    "@next/swc-linux-arm64-gnu" "12.0.9"
    "@next/swc-linux-arm64-musl" "12.0.9"
    "@next/swc-linux-x64-gnu" "12.0.9"
    "@next/swc-linux-x64-musl" "12.0.9"
    "@next/swc-win32-arm64-msvc" "12.0.9"
    "@next/swc-win32-ia32-msvc" "12.0.9"
    "@next/swc-win32-x64-msvc" "12.0.9"

node-releases@^2.0.1:
  version "2.0.1"
  resolved "https://registry.yarnpkg.com/node-releases/-/node-releases-2.0.1.tgz#3d1d395f204f1f2f29a54358b9fb678765ad2fc5"
  integrity sha512-CqyzN6z7Q6aMeF/ktcMVTzhAHCEpf8SOarwpzpf8pNBY2k5/oM34UHldUwp8VKI7uxct2HxSRdJjBaZeESzcxA==

normalize-range@^0.1.2:
  version "0.1.2"
  resolved "https://registry.yarnpkg.com/normalize-range/-/normalize-range-0.1.2.tgz#2d10c06bdfd312ea9777695a4d28439456b75942"
  integrity sha1-LRDAa9/TEuqXd2laTShDlFa3WUI=

object-assign@^4.1.1:
  version "4.1.1"
  resolved "https://registry.yarnpkg.com/object-assign/-/object-assign-4.1.1.tgz#2109adc7965887cfc05cbbd442cac8bfbb360863"
  integrity sha1-IQmtx5ZYh8/AXLvUQsrIv7s2CGM=

picocolors@^1.0.0:
  version "1.0.0"
  resolved "https://registry.yarnpkg.com/picocolors/-/picocolors-1.0.0.tgz#cb5bdc74ff3f51892236eaf79d68bc44564ab81c"
  integrity sha512-1fygroTLlHu66zi26VoTDv8yRgm0Fccecssto+MhsZ0D/DGW2sm8E8AjW7NU5VVTRt5GxbeZ5qBuJr+HyLYkjQ==

postcss-attribute-case-insensitive@^5.0.0:
  version "5.0.0"
  resolved "https://registry.yarnpkg.com/postcss-attribute-case-insensitive/-/postcss-attribute-case-insensitive-5.0.0.tgz#39cbf6babf3ded1e4abf37d09d6eda21c644105c"
  integrity sha512-b4g9eagFGq9T5SWX4+USfVyjIb3liPnjhHHRMP7FMB2kFVpYyfEscV0wP3eaXhKlcHKUut8lt5BGoeylWA/dBQ==
  dependencies:
    postcss-selector-parser "^6.0.2"

postcss-color-functional-notation@^4.0.1:
  version "4.2.1"
  resolved "https://registry.yarnpkg.com/postcss-color-functional-notation/-/postcss-color-functional-notation-4.2.1.tgz#a25e9e1855e14d04319222a689f120b3240d39e0"
  integrity sha512-62OBIXCjRXpQZcFOYIXwXBlpAVWrYk8ek1rcjvMING4Q2cf0ipyN9qT+BhHA6HmftGSEnFQu2qgKO3gMscl3Rw==
  dependencies:
    postcss-value-parser "^4.2.0"

postcss-color-hex-alpha@^8.0.0:
  version "8.0.2"
  resolved "https://registry.yarnpkg.com/postcss-color-hex-alpha/-/postcss-color-hex-alpha-8.0.2.tgz#7a248b006dd47bd83063f662352d31fd982f74ec"
  integrity sha512-gyx8RgqSmGVK156NAdKcsfkY3KPGHhKqvHTL3hhveFrBBToguKFzhyiuk3cljH6L4fJ0Kv+JENuPXs1Wij27Zw==
  dependencies:
    postcss-value-parser "^4.2.0"

postcss-color-rebeccapurple@^7.0.0:
  version "7.0.2"
  resolved "https://registry.yarnpkg.com/postcss-color-rebeccapurple/-/postcss-color-rebeccapurple-7.0.2.tgz#5d397039424a58a9ca628762eb0b88a61a66e079"
  integrity sha512-SFc3MaocHaQ6k3oZaFwH8io6MdypkUtEy/eXzXEB1vEQlO3S3oDc/FSZA8AsS04Z25RirQhlDlHLh3dn7XewWw==
  dependencies:
    postcss-value-parser "^4.2.0"

postcss-custom-media@^8.0.0:
  version "8.0.0"
  resolved "https://registry.yarnpkg.com/postcss-custom-media/-/postcss-custom-media-8.0.0.tgz#1be6aff8be7dc9bf1fe014bde3b71b92bb4552f1"
  integrity sha512-FvO2GzMUaTN0t1fBULDeIvxr5IvbDXcIatt6pnJghc736nqNgsGao5NT+5+WVLAQiTt6Cb3YUms0jiPaXhL//g==

postcss-custom-properties@^12.0.0:
  version "12.1.3"
  resolved "https://registry.yarnpkg.com/postcss-custom-properties/-/postcss-custom-properties-12.1.3.tgz#8e37651c7188e72e6762eeae8db39755e84d3a64"
  integrity sha512-rtu3otIeY532PnEuuBrIIe+N+pcdbX/7JMZfrcL09wc78YayrHw5E8UkDfvnlOhEUrI4ptCuzXQfj+Or6spbGA==
  dependencies:
    postcss-value-parser "^4.2.0"

postcss-custom-selectors@^6.0.0:
  version "6.0.0"
  resolved "https://registry.yarnpkg.com/postcss-custom-selectors/-/postcss-custom-selectors-6.0.0.tgz#022839e41fbf71c47ae6e316cb0e6213012df5ef"
  integrity sha512-/1iyBhz/W8jUepjGyu7V1OPcGbc636snN1yXEQCinb6Bwt7KxsiU7/bLQlp8GwAXzCh7cobBU5odNn/2zQWR8Q==
  dependencies:
    postcss-selector-parser "^6.0.4"

postcss-dir-pseudo-class@^6.0.0:
  version "6.0.3"
  resolved "https://registry.yarnpkg.com/postcss-dir-pseudo-class/-/postcss-dir-pseudo-class-6.0.3.tgz#febfe305e75267913a53bf5094c7679f5cfa9b55"
  integrity sha512-qiPm+CNAlgXiMf0J5IbBBEXA9l/Q5HGsNGkL3znIwT2ZFRLGY9U2fTUpa4lqCUXQOxaLimpacHeQC80BD2qbDw==
  dependencies:
    postcss-selector-parser "^6.0.8"

postcss-double-position-gradients@^3.0.1:
  version "3.0.4"
  resolved "https://registry.yarnpkg.com/postcss-double-position-gradients/-/postcss-double-position-gradients-3.0.4.tgz#2484b9785ef3ba81b0f03a279c52ec58fc5344c2"
  integrity sha512-qz+s5vhKJlsHw8HjSs+HVk2QGFdRyC68KGRQGX3i+GcnUjhWhXQEmCXW6siOJkZ1giu0ddPwSO6I6JdVVVPoog==
  dependencies:
    postcss-value-parser "^4.2.0"

postcss-env-function@^4.0.2:
  version "4.0.4"
  resolved "https://registry.yarnpkg.com/postcss-env-function/-/postcss-env-function-4.0.4.tgz#4e85359ca4fcdde4ec4b73752a41de818dbe91cc"
  integrity sha512-0ltahRTPtXSIlEZFv7zIvdEib7HN0ZbUQxrxIKn8KbiRyhALo854I/CggU5lyZe6ZBvSTJ6Al2vkZecI2OhneQ==
  dependencies:
    postcss-value-parser "^4.2.0"

postcss-flexbugs-fixes@5.0.2:
  version "5.0.2"
  resolved "https://registry.yarnpkg.com/postcss-flexbugs-fixes/-/postcss-flexbugs-fixes-5.0.2.tgz#2028e145313074fc9abe276cb7ca14e5401eb49d"
  integrity sha512-18f9voByak7bTktR2QgDveglpn9DTbBWPUzSOe9g0N4WR/2eSt6Vrcbf0hmspvMI6YWGywz6B9f7jzpFNJJgnQ==

postcss-focus-visible@^6.0.1:
  version "6.0.3"
  resolved "https://registry.yarnpkg.com/postcss-focus-visible/-/postcss-focus-visible-6.0.3.tgz#14635b71a6b9140f488f11f26cbc9965a13f6843"
  integrity sha512-ozOsg+L1U8S+rxSHnJJiET6dNLyADcPHhEarhhtCI9DBLGOPG/2i4ddVoFch9LzrBgb8uDaaRI4nuid2OM82ZA==
  dependencies:
    postcss-selector-parser "^6.0.8"

postcss-focus-within@^5.0.1:
  version "5.0.3"
  resolved "https://registry.yarnpkg.com/postcss-focus-within/-/postcss-focus-within-5.0.3.tgz#0b0bf425f14a646bbfd973b463e2d20d85a3a841"
  integrity sha512-fk9y2uFS6/Kpp7/A9Hz9Z4rlFQ8+tzgBcQCXAFSrXFGAbKx+4ZZOmmfHuYjCOMegPWoz0pnC6fNzi8j7Xyqp5Q==
  dependencies:
    postcss-selector-parser "^6.0.8"

postcss-font-variant@^5.0.0:
  version "5.0.0"
  resolved "https://registry.yarnpkg.com/postcss-font-variant/-/postcss-font-variant-5.0.0.tgz#efd59b4b7ea8bb06127f2d031bfbb7f24d32fa66"
  integrity sha512-1fmkBaCALD72CK2a9i468mA/+tr9/1cBxRRMXOUaZqO43oWPR5imcyPjXwuv7PXbCid4ndlP5zWhidQVVa3hmA==

postcss-gap-properties@^3.0.0:
  version "3.0.2"
  resolved "https://registry.yarnpkg.com/postcss-gap-properties/-/postcss-gap-properties-3.0.2.tgz#562fbf43a6a721565b3ca0e01008690991d2f726"
  integrity sha512-EaMy/pbxtQnKDsnbEjdqlkCkROTQZzolcLKgIE+3b7EuJfJydH55cZeHfm+MtIezXRqhR80VKgaztO/vHq94Fw==

postcss-image-set-function@^4.0.2:
  version "4.0.4"
  resolved "https://registry.yarnpkg.com/postcss-image-set-function/-/postcss-image-set-function-4.0.4.tgz#ce91579ab2c1386d412ff5cd5e733c474b1f75ee"
  integrity sha512-BlEo9gSTj66lXjRNByvkMK9dEdEGFXRfGjKRi9fo8s0/P3oEk74cAoonl/utiM50E2OPVb/XSu+lWvdW4KtE/Q==
  dependencies:
    postcss-value-parser "^4.2.0"

postcss-initial@^4.0.1:
  version "4.0.1"
  resolved "https://registry.yarnpkg.com/postcss-initial/-/postcss-initial-4.0.1.tgz#529f735f72c5724a0fb30527df6fb7ac54d7de42"
  integrity sha512-0ueD7rPqX8Pn1xJIjay0AZeIuDoF+V+VvMt/uOnn+4ezUKhZM/NokDeP6DwMNyIoYByuN/94IQnt5FEkaN59xQ==

postcss-lab-function@^4.0.1:
  version "4.0.3"
  resolved "https://registry.yarnpkg.com/postcss-lab-function/-/postcss-lab-function-4.0.3.tgz#633745b324afbcd5881da85fe2cef58b17487536"
  integrity sha512-MH4tymWmefdZQ7uVG/4icfLjAQmH6o2NRYyVh2mKoB4RXJp9PjsyhZwhH4ouaCQHvg+qJVj3RzeAR1EQpIlXZA==
  dependencies:
    postcss-value-parser "^4.2.0"

postcss-logical@^5.0.0:
  version "5.0.3"
  resolved "https://registry.yarnpkg.com/postcss-logical/-/postcss-logical-5.0.3.tgz#9934e0fb16af70adbd94217b24d2f315ceb5c2f0"
  integrity sha512-P5NcHWYrif0vK8rgOy/T87vg0WRIj3HSknrvp1wzDbiBeoDPVmiVRmkown2eSQdpPveat/MC1ess5uhzZFVnqQ==

postcss-media-minmax@^5.0.0:
  version "5.0.0"
  resolved "https://registry.yarnpkg.com/postcss-media-minmax/-/postcss-media-minmax-5.0.0.tgz#7140bddec173e2d6d657edbd8554a55794e2a5b5"
  integrity sha512-yDUvFf9QdFZTuCUg0g0uNSHVlJ5X1lSzDZjPSFaiCWvjgsvu8vEVxtahPrLMinIDEEGnx6cBe6iqdx5YWz08wQ==

postcss-nesting@^10.0.2:
  version "10.1.2"
  resolved "https://registry.yarnpkg.com/postcss-nesting/-/postcss-nesting-10.1.2.tgz#2e5f811b3d75602ea18a95dd445bde5297145141"
  integrity sha512-dJGmgmsvpzKoVMtDMQQG/T6FSqs6kDtUDirIfl4KnjMCiY9/ETX8jdKyCd20swSRAbUYkaBKV20pxkzxoOXLqQ==
  dependencies:
    postcss-selector-parser "^6.0.8"

postcss-overflow-shorthand@^3.0.0:
  version "3.0.2"
  resolved "https://registry.yarnpkg.com/postcss-overflow-shorthand/-/postcss-overflow-shorthand-3.0.2.tgz#b4e9c89728cd1e4918173dfb95936b75f78d4148"
  integrity sha512-odBMVt6PTX7jOE9UNvmnLrFzA9pXS44Jd5shFGGtSHY80QCuJF+14McSy0iavZggRZ9Oj//C9vOKQmexvyEJMg==

postcss-page-break@^3.0.4:
  version "3.0.4"
  resolved "https://registry.yarnpkg.com/postcss-page-break/-/postcss-page-break-3.0.4.tgz#7fbf741c233621622b68d435babfb70dd8c1ee5f"
  integrity sha512-1JGu8oCjVXLa9q9rFTo4MbeeA5FMe00/9C7lN4va606Rdb+HkxXtXsmEDrIraQ11fGz/WvKWa8gMuCKkrXpTsQ==

postcss-place@^7.0.1:
  version "7.0.3"
  resolved "https://registry.yarnpkg.com/postcss-place/-/postcss-place-7.0.3.tgz#ca8040dfd937c7769a233a3bd6e66e139cf89e62"
  integrity sha512-tDQ3m+GYoOar+KoQgj+pwPAvGHAp/Sby6vrFiyrELrMKQJ4AejL0NcS0mm296OKKYA2SRg9ism/hlT/OLhBrdQ==
  dependencies:
    postcss-value-parser "^4.2.0"

postcss-preset-env@7.0.1:
  version "7.0.1"
  resolved "https://registry.yarnpkg.com/postcss-preset-env/-/postcss-preset-env-7.0.1.tgz#7f1fc5ac38e60a8e5ff9a920396d936a830e6120"
  integrity sha512-oB7IJGwLBEwnao823mS2b9hqbp5Brm0EZKWRVROayjGwyPQVjY9gZpPZk/ItFakdx7GAPgv3ya+9R3KrUqCwYA==
  dependencies:
    autoprefixer "^10.4.0"
    browserslist "^4.17.5"
    caniuse-lite "^1.0.30001272"
    css-blank-pseudo "^2.0.0"
    css-has-pseudo "^2.0.0"
    css-prefers-color-scheme "^5.0.0"
    cssdb "^5.0.0"
    postcss "^8.3"
    postcss-attribute-case-insensitive "^5.0.0"
    postcss-color-functional-notation "^4.0.1"
    postcss-color-hex-alpha "^8.0.0"
    postcss-color-rebeccapurple "^7.0.0"
    postcss-custom-media "^8.0.0"
    postcss-custom-properties "^12.0.0"
    postcss-custom-selectors "^6.0.0"
    postcss-dir-pseudo-class "^6.0.0"
    postcss-double-position-gradients "^3.0.1"
    postcss-env-function "^4.0.2"
    postcss-focus-visible "^6.0.1"
    postcss-focus-within "^5.0.1"
    postcss-font-variant "^5.0.0"
    postcss-gap-properties "^3.0.0"
    postcss-image-set-function "^4.0.2"
    postcss-initial "^4.0.1"
    postcss-lab-function "^4.0.1"
    postcss-logical "^5.0.0"
    postcss-media-minmax "^5.0.0"
    postcss-nesting "^10.0.2"
    postcss-overflow-shorthand "^3.0.0"
    postcss-page-break "^3.0.4"
    postcss-place "^7.0.1"
    postcss-pseudo-class-any-link "^7.0.0"
    postcss-replace-overflow-wrap "^4.0.0"
    postcss-selector-not "^5.0.0"

postcss-pseudo-class-any-link@^7.0.0:
  version "7.0.2"
  resolved "https://registry.yarnpkg.com/postcss-pseudo-class-any-link/-/postcss-pseudo-class-any-link-7.0.2.tgz#6284c2f970715c78fe992d2fac1130e9991585c9"
  integrity sha512-CG35J1COUH7OOBgpw5O+0koOLUd5N4vUGKUqSAuIe4GiuLHWU96Pqp+UPC8QITTd12zYAFx76pV7qWT/0Aj/TA==
  dependencies:
    postcss-selector-parser "^6.0.8"

postcss-replace-overflow-wrap@^4.0.0:
  version "4.0.0"
  resolved "https://registry.yarnpkg.com/postcss-replace-overflow-wrap/-/postcss-replace-overflow-wrap-4.0.0.tgz#d2df6bed10b477bf9c52fab28c568b4b29ca4319"
  integrity sha512-KmF7SBPphT4gPPcKZc7aDkweHiKEEO8cla/GjcBK+ckKxiZslIu3C4GCRW3DNfL0o7yW7kMQu9xlZ1kXRXLXtw==

postcss-selector-not@^5.0.0:
  version "5.0.0"
  resolved "https://registry.yarnpkg.com/postcss-selector-not/-/postcss-selector-not-5.0.0.tgz#ac5fc506f7565dd872f82f5314c0f81a05630dc7"
  integrity sha512-/2K3A4TCP9orP4TNS7u3tGdRFVKqz/E6pX3aGnriPG0jU78of8wsUcqE4QAhWEU0d+WnMSF93Ah3F//vUtK+iQ==
  dependencies:
    balanced-match "^1.0.0"

postcss-selector-parser@^6, postcss-selector-parser@^6.0.2, postcss-selector-parser@^6.0.4, postcss-selector-parser@^6.0.8:
  version "6.0.9"
  resolved "https://registry.yarnpkg.com/postcss-selector-parser/-/postcss-selector-parser-6.0.9.tgz#ee71c3b9ff63d9cd130838876c13a2ec1a992b2f"
  integrity sha512-UO3SgnZOVTwu4kyLR22UQ1xZh086RyNZppb7lLAKBFK8a32ttG5i87Y/P3+2bRSjZNyJ1B7hfFNo273tKe9YxQ==
  dependencies:
    cssesc "^3.0.0"
    util-deprecate "^1.0.2"

postcss-value-parser@^4.2.0:
  version "4.2.0"
  resolved "https://registry.yarnpkg.com/postcss-value-parser/-/postcss-value-parser-4.2.0.tgz#723c09920836ba6d3e5af019f92bc0971c02e514"
  integrity sha512-1NNCs6uurfkVbeXG4S8JFT9t19m45ICnif8zWLd5oPSZ50QnwMfK+H3jv408d4jw/7Bttv5axS5IiHoLaVNHeQ==

postcss@8.4.5, postcss@^8.3:
  version "8.4.5"
  resolved "https://registry.yarnpkg.com/postcss/-/postcss-8.4.5.tgz#bae665764dfd4c6fcc24dc0fdf7e7aa00cc77f95"
  integrity sha512-jBDboWM8qpaqwkMwItqTQTiFikhs/67OYVvblFFTM7MrZjt6yMKd6r2kgXizEbTTljacm4NldIlZnhbjr84QYg==
  dependencies:
    nanoid "^3.1.30"
    picocolors "^1.0.0"
    source-map-js "^1.0.1"

react-dom@17.0.2:
  version "17.0.2"
  resolved "https://registry.yarnpkg.com/react-dom/-/react-dom-17.0.2.tgz#ecffb6845e3ad8dbfcdc498f0d0a939736502c23"
  integrity sha512-s4h96KtLDUQlsENhMn1ar8t2bEa+q/YAtj8pPPdIjPDGBDIVNsrD9aXNWqspUe6AzKCIG0C1HZZLqLV7qpOBGA==
  dependencies:
    loose-envify "^1.1.0"
    object-assign "^4.1.1"
    scheduler "^0.20.2"

react@17.0.2:
  version "17.0.2"
  resolved "https://registry.yarnpkg.com/react/-/react-17.0.2.tgz#d0b5cc516d29eb3eee383f75b62864cfb6800037"
  integrity sha512-gnhPt75i/dq/z3/6q/0asP78D0u592D5L1pd7M8P+dck6Fu/jJeL6iVVK23fptSUZj8Vjf++7wXA8UNclGQcbA==
  dependencies:
    loose-envify "^1.1.0"
    object-assign "^4.1.1"

scheduler@^0.20.2:
  version "0.20.2"
  resolved "https://registry.yarnpkg.com/scheduler/-/scheduler-0.20.2.tgz#4baee39436e34aa93b4874bddcbf0fe8b8b50e91"
  integrity sha512-2eWfGgAqqWFGqtdMmcL5zCMK1U8KlXv8SQFGglL3CEtd0aDVDWgeF/YoCmvln55m5zSk3J/20hTaSBeSObsQDQ==
  dependencies:
    loose-envify "^1.1.0"
    object-assign "^4.1.1"

source-map-js@^1.0.1:
  version "1.0.2"
  resolved "https://registry.yarnpkg.com/source-map-js/-/source-map-js-1.0.2.tgz#adbc361d9c62df380125e7f161f71c826f1e490c"
  integrity sha512-R0XvVJ9WusLiqTCEiGCmICCMplcCkIwwR11mOSD9CR5u+IXYdiseeEuXCVAjS54zqwkLcPNnmU4OeJ6tUrWhDw==

styled-jsx@5.0.0:
  version "5.0.0"
  resolved "https://registry.yarnpkg.com/styled-jsx/-/styled-jsx-5.0.0.tgz#816b4b92e07b1786c6b7111821750e0ba4d26e77"
  integrity sha512-qUqsWoBquEdERe10EW8vLp3jT25s/ssG1/qX5gZ4wu15OZpmSMFI2v+fWlRhLfykA5rFtlJ1ME8A8pm/peV4WA==

use-subscription@1.5.1:
  version "1.5.1"
  resolved "https://registry.yarnpkg.com/use-subscription/-/use-subscription-1.5.1.tgz#73501107f02fad84c6dd57965beb0b75c68c42d1"
  integrity sha512-Xv2a1P/yReAjAbhylMfFplFKj9GssgTwN7RlcTxBujFQcloStWNDQdc4g4NRWH9xS4i/FDk04vQBptAXoF3VcA==
  dependencies:
    object-assign "^4.1.1"

util-deprecate@^1.0.2:
  version "1.0.2"
  resolved "https://registry.yarnpkg.com/util-deprecate/-/util-deprecate-1.0.2.tgz#450d4dc9fa70de732762fbd2d4a28981419a0ccf"
  integrity sha1-RQ1Nyfpw3nMnYvvS1KKJgUGaDM8=
